
Microsoft Visual Studio Solution File, Format Version 12.00
# Visual Studio Version 17
VisualStudioVersion = 17.8.34330.188
MinimumVisualStudioVersion = 10.0.40219.1
Project("{FAE04EC0-301F-11D3-BF4B-00C04F79EFBC}") = "moving car _ C# project", "moving car _ C# project\moving car _ C# project.csproj", "{E2249D2E-F735-484D-B169-E84A5D35EC65}"
EndProject
Global
	GlobalSection(SolutionConfigurationPlatforms) = preSolution
		Debug|Any CPU = Debug|Any CPU
		Release|Any CPU = Release|Any CPU
	EndGlobalSection
	GlobalSection(ProjectConfigurationPlatforms) = postSolution
		{E2249D2E-F735-484D-B169-E84A5D35EC65}.Debug|Any CPU.ActiveCfg = Debug|Any CPU
		{E2249D2E-F735-484D-B169-E84A5D35EC65}.Debug|Any CPU.Build.0 = Debug|Any CPU
		{E2249D2E-F735-484D-B169-E84A5D35EC65}.Release|Any CPU.ActiveCfg = Release|Any CPU
		{E2249D2E-F735-484D-B169-E84A5D35EC65}.Release|Any CPU.Build.0 = Release|Any CPU
	EndGlobalSection
	GlobalSection(SolutionProperties) = preSolution
		HideSolutionNode = FALSE
	EndGlobalSection
	GlobalSection(ExtensibilityGlobals) = postSolution
		SolutionGuid = {4C228EFD-111F-4F81-998B-8928387225ED}
	EndGlobalSection
EndGlobal
